<?xml version="1.0" encoding="utf-8"?>
<Project ToolsVersion="15.0" xmlns="http://schemas.microsoft.com/developer/msbuild/2003">
  <ItemGroup>
    <CustomBuild Include="F:\heatwave goldsrc\creative deathmatch client\OpenAG\build\CMakeFiles\48e414314d68f7e19802ca4d5c6bb539\INSTALL_force.rule">
      <Filter>CMake Rules</Filter>
    </CustomBuild>
  </ItemGroup>
  <ItemGroup>
    <Filter Include="CMake Rules">
      <UniqueIdentifier>{558DCC03-FE07-3E1C-90FE-519D9C3429F4}</UniqueIdentifier>
    </Filter>
  </ItemGroup>
</Project>
